
Microsoft Visual Studio Solution File, Format Version 12.00
# Visual Studio 14
VisualStudioVersion = 14.0.23107.0
MinimumVisualStudioVersion = 10.0.40219.1
Project("{A0786B88-2ADB-4C21-ABE8-AA2D79766269}") = "CareManagementSystem", "CareManagementSystem\CareManagementSystem.phpproj", "{A52895A2-4735-4D9E-98C7-463FB78E3BC1}"
EndProject
Global
	GlobalSection(SolutionConfigurationPlatforms) = preSolution
		Debug|Any CPU = Debug|Any CPU
		Release|Any CPU = Release|Any CPU
	EndGlobalSection
	GlobalSection(ProjectConfigurationPlatforms) = postSolution
		{A52895A2-4735-4D9E-98C7-463FB78E3BC1}.Debug|Any CPU.ActiveCfg = Debug|Any CPU
		{A52895A2-4735-4D9E-98C7-463FB78E3BC1}.Debug|Any CPU.Build.0 = Debug|Any CPU
		{A52895A2-4735-4D9E-98C7-463FB78E3BC1}.Release|Any CPU.ActiveCfg = Release|Any CPU
		{A52895A2-4735-4D9E-98C7-463FB78E3BC1}.Release|Any CPU.Build.0 = Release|Any CPU
	EndGlobalSection
	GlobalSection(SolutionProperties) = preSolution
		HideSolutionNode = FALSE
	EndGlobalSection
EndGlobal
